
Microsoft Visual Studio Solution File, Format Version 12.00
# Visual Studio Version 16
VisualStudioVersion = 16.0.31702.278
MinimumVisualStudioVersion = 10.0.40219.1
Project("{FAE04EC0-301F-11D3-BF4B-00C04F79EFBC}") = "MakePNGGrayScale", "MakePNGGrayScale.csproj", "{A575EECF-AF1C-4710-A21D-5CAB480277EE}"
EndProject
Global
	GlobalSection(SolutionConfigurationPlatforms) = preSolution
		Debug|Any CPU = Debug|Any CPU
		Release|Any CPU = Release|Any CPU
	EndGlobalSection
	GlobalSection(ProjectConfigurationPlatforms) = postSolution
		{A575EECF-AF1C-4710-A21D-5CAB480277EE}.Debug|Any CPU.ActiveCfg = Debug|Any CPU
		{A575EECF-AF1C-4710-A21D-5CAB480277EE}.Debug|Any CPU.Build.0 = Debug|Any CPU
		{A575EECF-AF1C-4710-A21D-5CAB480277EE}.Release|Any CPU.ActiveCfg = Release|Any CPU
		{A575EECF-AF1C-4710-A21D-5CAB480277EE}.Release|Any CPU.Build.0 = Release|Any CPU
	EndGlobalSection
	GlobalSection(SolutionProperties) = preSolution
		HideSolutionNode = FALSE
	EndGlobalSection
	GlobalSection(ExtensibilityGlobals) = postSolution
		SolutionGuid = {79040518-ADB8-4B71-ACAE-EBEEFC11F620}
	EndGlobalSection
EndGlobal
