
Microsoft Visual Studio Solution File, Format Version 12.00
# Visual Studio Version 16
VisualStudioVersion = 16.0.31424.327
MinimumVisualStudioVersion = 10.0.40219.1
Project("{FAE04EC0-301F-11D3-BF4B-00C04F79EFBC}") = "HashesCreator", "HashesCreator.csproj", "{249BBB86-A6EF-455E-B2C5-123C2B66F869}"
EndProject
Global
	GlobalSection(SolutionConfigurationPlatforms) = preSolution
		Debug|Any CPU = Debug|Any CPU
		Release|Any CPU = Release|Any CPU
	EndGlobalSection
	GlobalSection(ProjectConfigurationPlatforms) = postSolution
		{249BBB86-A6EF-455E-B2C5-123C2B66F869}.Debug|Any CPU.ActiveCfg = Debug|Any CPU
		{249BBB86-A6EF-455E-B2C5-123C2B66F869}.Debug|Any CPU.Build.0 = Debug|Any CPU
		{249BBB86-A6EF-455E-B2C5-123C2B66F869}.Release|Any CPU.ActiveCfg = Release|Any CPU
		{249BBB86-A6EF-455E-B2C5-123C2B66F869}.Release|Any CPU.Build.0 = Release|Any CPU
	EndGlobalSection
	GlobalSection(SolutionProperties) = preSolution
		HideSolutionNode = FALSE
	EndGlobalSection
	GlobalSection(ExtensibilityGlobals) = postSolution
		SolutionGuid = {9006DC97-6B37-4F57-B689-267FDC845BE1}
	EndGlobalSection
EndGlobal
